// !$*UTF8*$!
{
	archiveVersion = 1;
	classes = {
	};
	objectVersion = 46;
	objects = {

/* Begin PBXBuildFile section */
		8934ACCF1C546F72003DD96E /* main.m in Sources */ = {isa = PBXBuildFile; fileRef = 8934ACCE1C546F72003DD96E /* main.m */; };
		8934ACD21C546F72003DD96E /* AppDelegate.m in Sources */ = {isa = PBXBuildFile; fileRef = 8934ACD11C546F72003DD96E /* AppDelegate.m */; };
		8934ACD51C546F72003DD96E /* MasterViewController.m in Sources */ = {isa = PBXBuildFile; fileRef = 8934ACD41C546F72003DD96E /* MasterViewController.m */; };
		8934ACD81C546F72003DD96E /* DetailViewController.m in Sources */ = {isa = PBXBuildFile; fileRef = 8934ACD71C546F72003DD96E /* DetailViewController.m */; };
		8934ACDB1C546F72003DD96E /* Main.storyboard in Resources */ = {isa = PBXBuildFile; fileRef = 8934ACD91C546F72003DD96E /* Main.storyboard */; };
		8934ACDD1C546F72003DD96E /* Assets.xcassets in Resources */ = {isa = PBXBuildFile; fileRef = 8934ACDC1C546F72003DD96E /* Assets.xcassets */; };
		8934ACE01C546F72003DD96E /* LaunchScreen.storyboard in Resources */ = {isa = PBXBuildFile; fileRef = 8934ACDE1C546F72003DD96E /* LaunchScreen.storyboard */; };
		8934ACEB1C546F72003DD96E /* CoffeedTests.m in Sources */ = {isa = PBXBuildFile; fileRef = 8934ACEA1C546F72003DD96E /* CoffeedTests.m */; };
		8934ACF61C546F72003DD96E /* CoffeedUITests.m in Sources */ = {isa = PBXBuildFile; fileRef = 8934ACF51C546F72003DD96E /* CoffeedUITests.m */; };
		8934AD091C546F8D003DD96E /* Interface.storyboard in Resources */ = {isa = PBXBuildFile; fileRef = 8934AD071C546F8D003DD96E /* Interface.storyboard */; };
		8934AD0B1C546F8D003DD96E /* Assets.xcassets in Resources */ = {isa = PBXBuildFile; fileRef = 8934AD0A1C546F8D003DD96E /* Assets.xcassets */; };
		8934AD121C546F8E003DD96E /* Watch Extension.appex in Embed App Extensions */ = {isa = PBXBuildFile; fileRef = 8934AD111C546F8E003DD96E /* Watch Extension.appex */; settings = {ATTRIBUTES = (RemoveHeadersOnCopy, ); }; };
		8934AD1A1C546F8E003DD96E /* InterfaceController.m in Sources */ = {isa = PBXBuildFile; fileRef = 8934AD191C546F8E003DD96E /* InterfaceController.m */; };
		8934AD1D1C546F8E003DD96E /* ExtensionDelegate.m in Sources */ = {isa = PBXBuildFile; fileRef = 8934AD1C1C546F8E003DD96E /* ExtensionDelegate.m */; };
		8934AD201C546F8E003DD96E /* NotificationController.m in Sources */ = {isa = PBXBuildFile; fileRef = 8934AD1F1C546F8E003DD96E /* NotificationController.m */; };
		8934AD221C546F8E003DD96E /* Assets.xcassets in Resources */ = {isa = PBXBuildFile; fileRef = 8934AD211C546F8E003DD96E /* Assets.xcassets */; };
		8934AD261C546F8E003DD96E /* Watch.app in Embed Watch Content */ = {isa = PBXBuildFile; fileRef = 8934AD051C546F8D003DD96E /* Watch.app */; };
		8934AD371C547206003DD96E /* dummy.jpg in Resources */ = {isa = PBXBuildFile; fileRef = 8934AD351C547206003DD96E /* dummy.jpg */; };
		8934AD381C547206003DD96E /* next@2x.png in Resources */ = {isa = PBXBuildFile; fileRef = 8934AD361C547206003DD96E /* next@2x.png */; };
		8934AD3C1C547B3C003DD96E /* ignore@2x.png in Resources */ = {isa = PBXBuildFile; fileRef = 8934AD3B1C547B3C003DD96E /* ignore@2x.png */; };
		8934AD3F1C548180003DD96E /* star_half.png in Resources */ = {isa = PBXBuildFile; fileRef = 8934AD3D1C548180003DD96E /* star_half.png */; };
		8934AD401C548180003DD96E /* star.png in Resources */ = {isa = PBXBuildFile; fileRef = 8934AD3E1C548180003DD96E /* star.png */; };
		8934AD431C548934003DD96E /* btn_next_cafe@2x.png in Resources */ = {isa = PBXBuildFile; fileRef = 8934AD411C548934003DD96E /* btn_next_cafe@2x.png */; };
		8934AD441C548934003DD96E /* btn_prev_cafe@2x.png in Resources */ = {isa = PBXBuildFile; fileRef = 8934AD421C548934003DD96E /* btn_prev_cafe@2x.png */; };
		8934AD471C5489E8003DD96E /* btn_next_cafe.png in Resources */ = {isa = PBXBuildFile; fileRef = 8934AD451C5489E8003DD96E /* btn_next_cafe.png */; };
		8934AD481C5489E8003DD96E /* btn_prev_cafe.png in Resources */ = {isa = PBXBuildFile; fileRef = 8934AD461C5489E8003DD96E /* btn_prev_cafe.png */; };
/* End PBXBuildFile section */

/* Begin PBXContainerItemProxy section */
		8934ACE71C546F72003DD96E /* PBXContainerItemProxy */ = {
			isa = PBXContainerItemProxy;
			containerPortal = 8934ACC21C546F72003DD96E /* Project object */;
			proxyType = 1;
			remoteGlobalIDString = 8934ACC91C546F72003DD96E;
			remoteInfo = Coffeed;
		};
		8934ACF21C546F72003DD96E /* PBXContainerItemProxy */ = {
			isa = PBXContainerItemProxy;
			containerPortal = 8934ACC21C546F72003DD96E /* Project object */;
			proxyType = 1;
			remoteGlobalIDString = 8934ACC91C546F72003DD96E;
			remoteInfo = Coffeed;
		};
		8934AD131C546F8E003DD96E /* PBXContainerItemProxy */ = {
			isa = PBXContainerItemProxy;
			containerPortal = 8934ACC21C546F72003DD96E /* Project object */;
			proxyType = 1;
			remoteGlobalIDString = 8934AD101C546F8E003DD96E;
			remoteInfo = "Watch Extension";
		};
		8934AD241C546F8E003DD96E /* PBXContainerItemProxy */ = {
			isa = PBXContainerItemProxy;
			containerPortal = 8934ACC21C546F72003DD96E /* Project object */;
			proxyType = 1;
			remoteGlobalIDString = 8934AD041C546F8D003DD96E;
			remoteInfo = Watch;
		};
/* End PBXContainerItemProxy section */

/* Begin PBXCopyFilesBuildPhase section */
		8934AD2A1C546F8E003DD96E /* Embed App Extensions */ = {
			isa = PBXCopyFilesBuildPhase;
			buildActionMask = 2147483647;
			dstPath = "";
			dstSubfolderSpec = 13;
			files = (
				8934AD121C546F8E003DD96E /* Watch Extension.appex in Embed App Extensions */,
			);
			name = "Embed App Extensions";
			runOnlyForDeploymentPostprocessing = 0;
		};
		8934AD2E1C546F8E003DD96E /* Embed Watch Content */ = {
			isa = PBXCopyFilesBuildPhase;
			buildActionMask = 2147483647;
			dstPath = "$(CONTENTS_FOLDER_PATH)/Watch";
			dstSubfolderSpec = 16;
			files = (
				8934AD261C546F8E003DD96E /* Watch.app in Embed Watch Content */,
			);
			name = "Embed Watch Content";
			runOnlyForDeploymentPostprocessing = 0;
		};
/* End PBXCopyFilesBuildPhase section */

/* Begin PBXFileReference section */
		12C6264F266F18EA7DD2C651 /* Pods-Coffeed.release.xcconfig */ = {isa = PBXFileReference; includeInIndex = 1; lastKnownFileType = text.xcconfig; name = "Pods-Coffeed.release.xcconfig"; path = "Pods/Target Support Files/Pods-Coffeed/Pods-Coffeed.release.xcconfig"; sourceTree = "<group>"; };
		2371BFD77CE6184543206028 /* Pods-Coffeed.debug.xcconfig */ = {isa = PBXFileReference; includeInIndex = 1; lastKnownFileType = text.xcconfig; name = "Pods-Coffeed.debug.xcconfig"; path = "Pods/Target Support Files/Pods-Coffeed/Pods-Coffeed.debug.xcconfig"; sourceTree = "<group>"; };
		8934ACCA1C546F72003DD96E /* Coffeed.app */ = {isa = PBXFileReference; explicitFileType = wrapper.application; includeInIndex = 0; path = Coffeed.app; sourceTree = BUILT_PRODUCTS_DIR; };
		8934ACCE1C546F72003DD96E /* main.m */ = {isa = PBXFileReference; lastKnownFileType = sourcecode.c.objc; path = main.m; sourceTree = "<group>"; };
		8934ACD01C546F72003DD96E /* AppDelegate.h */ = {isa = PBXFileReference; lastKnownFileType = sourcecode.c.h; path = AppDelegate.h; sourceTree = "<group>"; };
		8934ACD11C546F72003DD96E /* AppDelegate.m */ = {isa = PBXFileReference; lastKnownFileType = sourcecode.c.objc; path = AppDelegate.m; sourceTree = "<group>"; };
		8934ACD31C546F72003DD96E /* MasterViewController.h */ = {isa = PBXFileReference; lastKnownFileType = sourcecode.c.h; path = MasterViewController.h; sourceTree = "<group>"; };
		8934ACD41C546F72003DD96E /* MasterViewController.m */ = {isa = PBXFileReference; lastKnownFileType = sourcecode.c.objc; path = MasterViewController.m; sourceTree = "<group>"; };
		8934ACD61C546F72003DD96E /* DetailViewController.h */ = {isa = PBXFileReference; lastKnownFileType = sourcecode.c.h; path = DetailViewController.h; sourceTree = "<group>"; };
		8934ACD71C546F72003DD96E /* DetailViewController.m */ = {isa = PBXFileReference; lastKnownFileType = sourcecode.c.objc; path = DetailViewController.m; sourceTree = "<group>"; };
		8934ACDA1C546F72003DD96E /* Base */ = {isa = PBXFileReference; lastKnownFileType = file.storyboard; name = Base; path = Base.lproj/Main.storyboard; sourceTree = "<group>"; };
		8934ACDC1C546F72003DD96E /* Assets.xcassets */ = {isa = PBXFileReference; lastKnownFileType = folder.assetcatalog; path = Assets.xcassets; sourceTree = "<group>"; };
		8934ACDF1C546F72003DD96E /* Base */ = {isa = PBXFileReference; lastKnownFileType = file.storyboard; name = Base; path = Base.lproj/LaunchScreen.storyboard; sourceTree = "<group>"; };
		8934ACE11C546F72003DD96E /* Info.plist */ = {isa = PBXFileReference; lastKnownFileType = text.plist.xml; path = Info.plist; sourceTree = "<group>"; };
		8934ACE61C546F72003DD96E /* CoffeedTests.xctest */ = {isa = PBXFileReference; explicitFileType = wrapper.cfbundle; includeInIndex = 0; path = CoffeedTests.xctest; sourceTree = BUILT_PRODUCTS_DIR; };
		8934ACEA1C546F72003DD96E /* CoffeedTests.m */ = {isa = PBXFileReference; lastKnownFileType = sourcecode.c.objc; path = CoffeedTests.m; sourceTree = "<group>"; };
		8934ACEC1C546F72003DD96E /* Info.plist */ = {isa = PBXFileReference; lastKnownFileType = text.plist.xml; path = Info.plist; sourceTree = "<group>"; };
		8934ACF11C546F72003DD96E /* CoffeedUITests.xctest */ = {isa = PBXFileReference; explicitFileType = wrapper.cfbundle; includeInIndex = 0; path = CoffeedUITests.xctest; sourceTree = BUILT_PRODUCTS_DIR; };
		8934ACF51C546F72003DD96E /* CoffeedUITests.m */ = {isa = PBXFileReference; lastKnownFileType = sourcecode.c.objc; path = CoffeedUITests.m; sourceTree = "<group>"; };
		8934ACF71C546F72003DD96E /* Info.plist */ = {isa = PBXFileReference; lastKnownFileType = text.plist.xml; path = Info.plist; sourceTree = "<group>"; };
		8934AD051C546F8D003DD96E /* Watch.app */ = {isa = PBXFileReference; explicitFileType = wrapper.application; includeInIndex = 0; path = Watch.app; sourceTree = BUILT_PRODUCTS_DIR; };
		8934AD081C546F8D003DD96E /* Base */ = {isa = PBXFileReference; lastKnownFileType = file.storyboard; name = Base; path = Base.lproj/Interface.storyboard; sourceTree = "<group>"; };
		8934AD0A1C546F8D003DD96E /* Assets.xcassets */ = {isa = PBXFileReference; lastKnownFileType = folder.assetcatalog; path = Assets.xcassets; sourceTree = "<group>"; };
		8934AD0C1C546F8D003DD96E /* Info.plist */ = {isa = PBXFileReference; lastKnownFileType = text.plist.xml; path = Info.plist; sourceTree = "<group>"; };
		8934AD111C546F8E003DD96E /* Watch Extension.appex */ = {isa = PBXFileReference; explicitFileType = "wrapper.app-extension"; includeInIndex = 0; path = "Watch Extension.appex"; sourceTree = BUILT_PRODUCTS_DIR; };
		8934AD171C546F8E003DD96E /* PushNotificationPayload.apns */ = {isa = PBXFileReference; lastKnownFileType = text; path = PushNotificationPayload.apns; sourceTree = "<group>"; };
		8934AD181C546F8E003DD96E /* InterfaceController.h */ = {isa = PBXFileReference; lastKnownFileType = sourcecode.c.h; path = InterfaceController.h; sourceTree = "<group>"; };
		8934AD191C546F8E003DD96E /* InterfaceController.m */ = {isa = PBXFileReference; lastKnownFileType = sourcecode.c.objc; path = InterfaceController.m; sourceTree = "<group>"; };
		8934AD1B1C546F8E003DD96E /* ExtensionDelegate.h */ = {isa = PBXFileReference; lastKnownFileType = sourcecode.c.h; path = ExtensionDelegate.h; sourceTree = "<group>"; };
		8934AD1C1C546F8E003DD96E /* ExtensionDelegate.m */ = {isa = PBXFileReference; lastKnownFileType = sourcecode.c.objc; path = ExtensionDelegate.m; sourceTree = "<group>"; };
		8934AD1E1C546F8E003DD96E /* NotificationController.h */ = {isa = PBXFileReference; lastKnownFileType = sourcecode.c.h; path = NotificationController.h; sourceTree = "<group>"; };
		8934AD1F1C546F8E003DD96E /* NotificationController.m */ = {isa = PBXFileReference; lastKnownFileType = sourcecode.c.objc; path = NotificationController.m; sourceTree = "<group>"; };
		8934AD211C546F8E003DD96E /* Assets.xcassets */ = {isa = PBXFileReference; lastKnownFileType = folder.assetcatalog; path = Assets.xcassets; sourceTree = "<group>"; };
		8934AD231C546F8E003DD96E /* Info.plist */ = {isa = PBXFileReference; lastKnownFileType = text.plist.xml; path = Info.plist; sourceTree = "<group>"; };
		8934AD351C547206003DD96E /* dummy.jpg */ = {isa = PBXFileReference; lastKnownFileType = image.jpeg; path = dummy.jpg; sourceTree = "<group>"; };
		8934AD361C547206003DD96E /* next@2x.png */ = {isa = PBXFileReference; lastKnownFileType = image.png; path = "next@2x.png"; sourceTree = "<group>"; };
		8934AD3B1C547B3C003DD96E /* ignore@2x.png */ = {isa = PBXFileReference; lastKnownFileType = image.png; path = "ignore@2x.png"; sourceTree = "<group>"; };
		8934AD3D1C548180003DD96E /* star_half.png */ = {isa = PBXFileReference; lastKnownFileType = image.png; path = star_half.png; sourceTree = "<group>"; };
		8934AD3E1C548180003DD96E /* star.png */ = {isa = PBXFileReference; lastKnownFileType = image.png; path = star.png; sourceTree = "<group>"; };
		8934AD411C548934003DD96E /* btn_next_cafe@2x.png */ = {isa = PBXFileReference; lastKnownFileType = image.png; path = "btn_next_cafe@2x.png"; sourceTree = "<group>"; };
		8934AD421C548934003DD96E /* btn_prev_cafe@2x.png */ = {isa = PBXFileReference; lastKnownFileType = image.png; path = "btn_prev_cafe@2x.png"; sourceTree = "<group>"; };
		8934AD451C5489E8003DD96E /* btn_next_cafe.png */ = {isa = PBXFileReference; lastKnownFileType = image.png; path = btn_next_cafe.png; sourceTree = "<group>"; };
		8934AD461C5489E8003DD96E /* btn_prev_cafe.png */ = {isa = PBXFileReference; lastKnownFileType = image.png; path = btn_prev_cafe.png; sourceTree = "<group>"; };
/* End PBXFileReference section */

/* Begin PBXFrameworksBuildPhase section */
		8934ACC71C546F72003DD96E /* Frameworks */ = {
			isa = PBXFrameworksBuildPhase;
			buildActionMask = 2147483647;
			files = (
			);
			runOnlyForDeploymentPostprocessing = 0;
		};
		8934ACE31C546F72003DD96E /* Frameworks */ = {
			isa = PBXFrameworksBuildPhase;
			buildActionMask = 2147483647;
			files = (
			);
			runOnlyForDeploymentPostprocessing = 0;
		};
		8934ACEE1C546F72003DD96E /* Frameworks */ = {
			isa = PBXFrameworksBuildPhase;
			buildActionMask = 2147483647;
			files = (
			);
			runOnlyForDeploymentPostprocessing = 0;
		};
		8934AD0E1C546F8E003DD96E /* Frameworks */ = {
			isa = PBXFrameworksBuildPhase;
			buildActionMask = 2147483647;
			files = (
			);
			runOnlyForDeploymentPostprocessing = 0;
		};
/* End PBXFrameworksBuildPhase section */

/* Begin PBXGroup section */
		0CD3E27553EC0DD3EE4F9E65 /* Frameworks */ = {
			isa = PBXGroup;
			children = (
			);
			name = Frameworks;
			sourceTree = "<group>";
		};
		8934ACC11C546F71003DD96E = {
			isa = PBXGroup;
			children = (
				8934ACCC1C546F72003DD96E /* Coffeed */,
				8934ACE91C546F72003DD96E /* CoffeedTests */,
				8934ACF41C546F72003DD96E /* CoffeedUITests */,
				8934AD061C546F8D003DD96E /* Watch */,
				8934AD151C546F8E003DD96E /* Watch Extension */,
				8934ACCB1C546F72003DD96E /* Products */,
				944D6AA5AF7C0C595A30180D /* Pods */,
				0CD3E27553EC0DD3EE4F9E65 /* Frameworks */,
			);
			sourceTree = "<group>";
		};
		8934ACCB1C546F72003DD96E /* Products */ = {
			isa = PBXGroup;
			children = (
				8934ACCA1C546F72003DD96E /* Coffeed.app */,
				8934ACE61C546F72003DD96E /* CoffeedTests.xctest */,
				8934ACF11C546F72003DD96E /* CoffeedUITests.xctest */,
				8934AD051C546F8D003DD96E /* Watch.app */,
				8934AD111C546F8E003DD96E /* Watch Extension.appex */,
			);
			name = Products;
			sourceTree = "<group>";
		};
		8934ACCC1C546F72003DD96E /* Coffeed */ = {
			isa = PBXGroup;
			children = (
				8934ACD01C546F72003DD96E /* AppDelegate.h */,
				8934ACD11C546F72003DD96E /* AppDelegate.m */,
				8934ACD31C546F72003DD96E /* MasterViewController.h */,
				8934ACD41C546F72003DD96E /* MasterViewController.m */,
				8934ACD61C546F72003DD96E /* DetailViewController.h */,
				8934ACD71C546F72003DD96E /* DetailViewController.m */,
				8934ACD91C546F72003DD96E /* Main.storyboard */,
				8934ACDC1C546F72003DD96E /* Assets.xcassets */,
				8934ACDE1C546F72003DD96E /* LaunchScreen.storyboard */,
				8934ACE11C546F72003DD96E /* Info.plist */,
				8934ACCD1C546F72003DD96E /* Supporting Files */,
			);
			path = Coffeed;
			sourceTree = "<group>";
		};
		8934ACCD1C546F72003DD96E /* Supporting Files */ = {
			isa = PBXGroup;
			children = (
				8934ACCE1C546F72003DD96E /* main.m */,
			);
			name = "Supporting Files";
			sourceTree = "<group>";
		};
		8934ACE91C546F72003DD96E /* CoffeedTests */ = {
			isa = PBXGroup;
			children = (
				8934ACEA1C546F72003DD96E /* CoffeedTests.m */,
				8934ACEC1C546F72003DD96E /* Info.plist */,
			);
			path = CoffeedTests;
			sourceTree = "<group>";
		};
		8934ACF41C546F72003DD96E /* CoffeedUITests */ = {
			isa = PBXGroup;
			children = (
				8934ACF51C546F72003DD96E /* CoffeedUITests.m */,
				8934ACF71C546F72003DD96E /* Info.plist */,
			);
			path = CoffeedUITests;
			sourceTree = "<group>";
		};
		8934AD061C546F8D003DD96E /* Watch */ = {
			isa = PBXGroup;
			children = (
				8934AD071C546F8D003DD96E /* Interface.storyboard */,
				8934AD0A1C546F8D003DD96E /* Assets.xcassets */,
				8934AD0C1C546F8D003DD96E /* Info.plist */,
			);
			path = Watch;
			sourceTree = "<group>";
		};
		8934AD151C546F8E003DD96E /* Watch Extension */ = {
			isa = PBXGroup;
			children = (
				8934AD181C546F8E003DD96E /* InterfaceController.h */,
				8934AD191C546F8E003DD96E /* InterfaceController.m */,
				8934AD1B1C546F8E003DD96E /* ExtensionDelegate.h */,
				8934AD1C1C546F8E003DD96E /* ExtensionDelegate.m */,
				8934AD1E1C546F8E003DD96E /* NotificationController.h */,
				8934AD1F1C546F8E003DD96E /* NotificationController.m */,
				8934AD211C546F8E003DD96E /* Assets.xcassets */,
				8934ADA81C54AFD0003DD96E /* Frameworks */,
				8934AD341C547206003DD96E /* Images */,
				8934AD231C546F8E003DD96E /* Info.plist */,
				8934AD161C546F8E003DD96E /* Supporting Files */,
			);
			path = "Watch Extension";
			sourceTree = "<group>";
		};
		8934AD161C546F8E003DD96E /* Supporting Files */ = {
			isa = PBXGroup;
			children = (
				8934AD171C546F8E003DD96E /* PushNotificationPayload.apns */,
			);
			name = "Supporting Files";
			sourceTree = "<group>";
		};
		8934AD341C547206003DD96E /* Images */ = {
			isa = PBXGroup;
			children = (
				8934AD451C5489E8003DD96E /* btn_next_cafe.png */,
				8934AD461C5489E8003DD96E /* btn_prev_cafe.png */,
				8934AD3D1C548180003DD96E /* star_half.png */,
				8934AD3E1C548180003DD96E /* star.png */,
				8934AD3B1C547B3C003DD96E /* ignore@2x.png */,
				8934AD351C547206003DD96E /* dummy.jpg */,
				8934AD361C547206003DD96E /* next@2x.png */,
				8934AD411C548934003DD96E /* btn_next_cafe@2x.png */,
				8934AD421C548934003DD96E /* btn_prev_cafe@2x.png */,
			);
			path = Images;
			sourceTree = "<group>";
		};
		8934ADA81C54AFD0003DD96E /* Frameworks */ = {
			isa = PBXGroup;
			children = (
			);
			path = Frameworks;
			sourceTree = SOURCE_ROOT;
		};
		944D6AA5AF7C0C595A30180D /* Pods */ = {
			isa = PBXGroup;
			children = (
				2371BFD77CE6184543206028 /* Pods-Coffeed.debug.xcconfig */,
				12C6264F266F18EA7DD2C651 /* Pods-Coffeed.release.xcconfig */,
			);
			name = Pods;
			sourceTree = "<group>";
		};
/* End PBXGroup section */

/* Begin PBXNativeTarget section */
		8934ACC91C546F72003DD96E /* Coffeed */ = {
			isa = PBXNativeTarget;
			buildConfigurationList = 8934ACFA1C546F72003DD96E /* Build configuration list for PBXNativeTarget "Coffeed" */;
			buildPhases = (
				D8A93439777FDE8A1320F774 /* Check Pods Manifest.lock */,
				8934ACC61C546F72003DD96E /* Sources */,
				8934ACC71C546F72003DD96E /* Frameworks */,
				8934ACC81C546F72003DD96E /* Resources */,
				8934AD2E1C546F8E003DD96E /* Embed Watch Content */,
				55188E85209EAF29202BAB30 /* Embed Pods Frameworks */,
				F0BFBA9DE9EE885EA715ABDE /* Copy Pods Resources */,
			);
			buildRules = (
			);
			dependencies = (
				8934AD251C546F8E003DD96E /* PBXTargetDependency */,
			);
			name = Coffeed;
			productName = Coffeed;
			productReference = 8934ACCA1C546F72003DD96E /* Coffeed.app */;
			productType = "com.apple.product-type.application";
		};
		8934ACE51C546F72003DD96E /* CoffeedTests */ = {
			isa = PBXNativeTarget;
			buildConfigurationList = 8934ACFD1C546F72003DD96E /* Build configuration list for PBXNativeTarget "CoffeedTests" */;
			buildPhases = (
				8934ACE21C546F72003DD96E /* Sources */,
				8934ACE31C546F72003DD96E /* Frameworks */,
				8934ACE41C546F72003DD96E /* Resources */,
			);
			buildRules = (
			);
			dependencies = (
				8934ACE81C546F72003DD96E /* PBXTargetDependency */,
			);
			name = CoffeedTests;
			productName = CoffeedTests;
			productReference = 8934ACE61C546F72003DD96E /* CoffeedTests.xctest */;
			productType = "com.apple.product-type.bundle.unit-test";
		};
		8934ACF01C546F72003DD96E /* CoffeedUITests */ = {
			isa = PBXNativeTarget;
			buildConfigurationList = 8934AD001C546F72003DD96E /* Build configuration list for PBXNativeTarget "CoffeedUITests" */;
			buildPhases = (
				8934ACED1C546F72003DD96E /* Sources */,
				8934ACEE1C546F72003DD96E /* Frameworks */,
				8934ACEF1C546F72003DD96E /* Resources */,
			);
			buildRules = (
			);
			dependencies = (
				8934ACF31C546F72003DD96E /* PBXTargetDependency */,
			);
			name = CoffeedUITests;
			productName = CoffeedUITests;
			productReference = 8934ACF11C546F72003DD96E /* CoffeedUITests.xctest */;
			productType = "com.apple.product-type.bundle.ui-testing";
		};
		8934AD041C546F8D003DD96E /* Watch */ = {
			isa = PBXNativeTarget;
			buildConfigurationList = 8934AD2B1C546F8E003DD96E /* Build configuration list for PBXNativeTarget "Watch" */;
			buildPhases = (
				8934AD031C546F8D003DD96E /* Resources */,
				8934AD2A1C546F8E003DD96E /* Embed App Extensions */,
			);
			buildRules = (
			);
			dependencies = (
				8934AD141C546F8E003DD96E /* PBXTargetDependency */,
			);
			name = Watch;
			productName = Watch;
			productReference = 8934AD051C546F8D003DD96E /* Watch.app */;
			productType = "com.apple.product-type.application.watchapp2";
		};
		8934AD101C546F8E003DD96E /* Watch Extension */ = {
			isa = PBXNativeTarget;
			buildConfigurationList = 8934AD271C546F8E003DD96E /* Build configuration list for PBXNativeTarget "Watch Extension" */;
			buildPhases = (
				8934AD0D1C546F8E003DD96E /* Sources */,
				8934AD0E1C546F8E003DD96E /* Frameworks */,
				8934AD0F1C546F8E003DD96E /* Resources */,
			);
			buildRules = (
			);
			dependencies = (
			);
			name = "Watch Extension";
			productName = "Watch Extension";
			productReference = 8934AD111C546F8E003DD96E /* Watch Extension.appex */;
			productType = "com.apple.product-type.watchkit2-extension";
		};
/* End PBXNativeTarget section */

/* Begin PBXProject section */
		8934ACC21C546F72003DD96E /* Project object */ = {
			isa = PBXProject;
			attributes = {
				LastUpgradeCheck = 0720;
				ORGANIZATIONNAME = "Alec Kretch";
				TargetAttributes = {
					8934ACC91C546F72003DD96E = {
						CreatedOnToolsVersion = 7.2;
					};
					8934ACE51C546F72003DD96E = {
						CreatedOnToolsVersion = 7.2;
						TestTargetID = 8934ACC91C546F72003DD96E;
					};
					8934ACF01C546F72003DD96E = {
						CreatedOnToolsVersion = 7.2;
						TestTargetID = 8934ACC91C546F72003DD96E;
					};
					8934AD041C546F8D003DD96E = {
						CreatedOnToolsVersion = 7.2;
					};
					8934AD101C546F8E003DD96E = {
						CreatedOnToolsVersion = 7.2;
					};
				};
			};
			buildConfigurationList = 8934ACC51C546F72003DD96E /* Build configuration list for PBXProject "Coffeed" */;
			compatibilityVersion = "Xcode 3.2";
			developmentRegion = English;
			hasScannedForEncodings = 0;
			knownRegions = (
				en,
				Base,
			);
			mainGroup = 8934ACC11C546F71003DD96E;
			productRefGroup = 8934ACCB1C546F72003DD96E /* Products */;
			projectDirPath = "";
			projectRoot = "";
			targets = (
				8934ACC91C546F72003DD96E /* Coffeed */,
				8934ACE51C546F72003DD96E /* CoffeedTests */,
				8934ACF01C546F72003DD96E /* CoffeedUITests */,
				8934AD041C546F8D003DD96E /* Watch */,
				8934AD101C546F8E003DD96E /* Watch Extension */,
			);
		};
/* End PBXProject section */

/* Begin PBXResourcesBuildPhase section */
		8934ACC81C546F72003DD96E /* Resources */ = {
			isa = PBXResourcesBuildPhase;
			buildActionMask = 2147483647;
			files = (
				8934ACE01C546F72003DD96E /* LaunchScreen.storyboard in Resources */,
				8934ACDD1C546F72003DD96E /* Assets.xcassets in Resources */,
				8934ACDB1C546F72003DD96E /* Main.storyboard in Resources */,
			);
			runOnlyForDeploymentPostprocessing = 0;
		};
		8934ACE41C546F72003DD96E /* Resources */ = {
			isa = PBXResourcesBuildPhase;
			buildActionMask = 2147483647;
			files = (
			);
			runOnlyForDeploymentPostprocessing = 0;
		};
		8934ACEF1C546F72003DD96E /* Resources */ = {
			isa = PBXResourcesBuildPhase;
			buildActionMask = 2147483647;
			files = (
			);
			runOnlyForDeploymentPostprocessing = 0;
		};
		8934AD031C546F8D003DD96E /* Resources */ = {
			isa = PBXResourcesBuildPhase;
			buildActionMask = 2147483647;
			files = (
				8934AD0B1C546F8D003DD96E /* Assets.xcassets in Resources */,
				8934AD091C546F8D003DD96E /* Interface.storyboard in Resources */,
			);
			runOnlyForDeploymentPostprocessing = 0;
		};
		8934AD0F1C546F8E003DD96E /* Resources */ = {
			isa = PBXResourcesBuildPhase;
			buildActionMask = 2147483647;
			files = (
				8934AD371C547206003DD96E /* dummy.jpg in Resources */,
				8934AD3F1C548180003DD96E /* star_half.png in Resources */,
				8934AD481C5489E8003DD96E /* btn_prev_cafe.png in Resources */,
				8934AD221C546F8E003DD96E /* Assets.xcassets in Resources */,
				8934AD431C548934003DD96E /* btn_next_cafe@2x.png in Resources */,
				8934AD3C1C547B3C003DD96E /* ignore@2x.png in Resources */,
				8934AD471C5489E8003DD96E /* btn_next_cafe.png in Resources */,
				8934AD381C547206003DD96E /* next@2x.png in Resources */,
				8934AD401C548180003DD96E /* star.png in Resources */,
				8934AD441C548934003DD96E /* btn_prev_cafe@2x.png in Resources */,
			);
			runOnlyForDeploymentPostprocessing = 0;
		};
/* End PBXResourcesBuildPhase section */

/* Begin PBXShellScriptBuildPhase section */
		55188E85209EAF29202BAB30 /* Embed Pods Frameworks */ = {
			isa = PBXShellScriptBuildPhase;
			buildActionMask = 2147483647;
			files = (
			);
			inputPaths = (
			);
			name = "Embed Pods Frameworks";
			outputPaths = (
			);
			runOnlyForDeploymentPostprocessing = 0;
			shellPath = /bin/sh;
			shellScript = "\"${SRCROOT}/Pods/Target Support Files/Pods-Coffeed/Pods-Coffeed-frameworks.sh\"\n";
			showEnvVarsInLog = 0;
		};
		D8A93439777FDE8A1320F774 /* Check Pods Manifest.lock */ = {
			isa = PBXShellScriptBuildPhase;
			buildActionMask = 2147483647;
			files = (
			);
			inputPaths = (
			);
			name = "Check Pods Manifest.lock";
			outputPaths = (
			);
			runOnlyForDeploymentPostprocessing = 0;
			shellPath = /bin/sh;
			shellScript = "diff \"${PODS_ROOT}/../Podfile.lock\" \"${PODS_ROOT}/Manifest.lock\" > /dev/null\nif [[ $? != 0 ]] ; then\n    cat << EOM\nerror: The sandbox is not in sync with the Podfile.lock. Run 'pod install' or update your CocoaPods installation.\nEOM\n    exit 1\nfi\n";
			showEnvVarsInLog = 0;
		};
		F0BFBA9DE9EE885EA715ABDE /* Copy Pods Resources */ = {
			isa = PBXShellScriptBuildPhase;
			buildActionMask = 2147483647;
			files = (
			);
			inputPaths = (
			);
			name = "Copy Pods Resources";
			outputPaths = (
			);
			runOnlyForDeploymentPostprocessing = 0;
			shellPath = /bin/sh;
			shellScript = "\"${SRCROOT}/Pods/Target Support Files/Pods-Coffeed/Pods-Coffeed-resources.sh\"\n";
			showEnvVarsInLog = 0;
		};
/* End PBXShellScriptBuildPhase section */

/* Begin PBXSourcesBuildPhase section */
		8934ACC61C546F72003DD96E /* Sources */ = {
			isa = PBXSourcesBuildPhase;
			buildActionMask = 2147483647;
			files = (
				8934ACD21C546F72003DD96E /* AppDelegate.m in Sources */,
				8934ACD51C546F72003DD96E /* MasterViewController.m in Sources */,
				8934ACCF1C546F72003DD96E /* main.m in Sources */,
				8934ACD81C546F72003DD96E /* DetailViewController.m in Sources */,
			);
			runOnlyForDeploymentPostprocessing = 0;
		};
		8934ACE21C546F72003DD96E /* Sources */ = {
			isa = PBXSourcesBuildPhase;
			buildActionMask = 2147483647;
			files = (
				8934ACEB1C546F72003DD96E /* CoffeedTests.m in Sources */,
			);
			runOnlyForDeploymentPostprocessing = 0;
		};
		8934ACED1C546F72003DD96E /* Sources */ = {
			isa = PBXSourcesBuildPhase;
			buildActionMask = 2147483647;
			files = (
				8934ACF61C546F72003DD96E /* CoffeedUITests.m in Sources */,
			);
			runOnlyForDeploymentPostprocessing = 0;
		};
		8934AD0D1C546F8E003DD96E /* Sources */ = {
			isa = PBXSourcesBuildPhase;
			buildActionMask = 2147483647;
			files = (
				8934AD1D1C546F8E003DD96E /* ExtensionDelegate.m in Sources */,
				8934AD1A1C546F8E003DD96E /* InterfaceController.m in Sources */,
				8934AD201C546F8E003DD96E /* NotificationController.m in Sources */,
			);
			runOnlyForDeploymentPostprocessing = 0;
		};
/* End PBXSourcesBuildPhase section */

/* Begin PBXTargetDependency section */
		8934ACE81C546F72003DD96E /* PBXTargetDependency */ = {
			isa = PBXTargetDependency;
			target = 8934ACC91C546F72003DD96E /* Coffeed */;
			targetProxy = 8934ACE71C546F72003DD96E /* PBXContainerItemProxy */;
		};
		8934ACF31C546F72003DD96E /* PBXTargetDependency */ = {
			isa = PBXTargetDependency;
			target = 8934ACC91C546F72003DD96E /* Coffeed */;
			targetProxy = 8934ACF21C546F72003DD96E /* PBXContainerItemProxy */;
		};
		8934AD141C546F8E003DD96E /* PBXTargetDependency */ = {
			isa = PBXTargetDependency;
			target = 8934AD101C546F8E003DD96E /* Watch Extension */;
			targetProxy = 8934AD131C546F8E003DD96E /* PBXContainerItemProxy */;
		};
		8934AD251C546F8E003DD96E /* PBXTargetDependency */ = {
			isa = PBXTargetDependency;
			target = 8934AD041C546F8D003DD96E /* Watch */;
			targetProxy = 8934AD241C546F8E003DD96E /* PBXContainerItemProxy */;
		};
/* End PBXTargetDependency section */

/* Begin PBXVariantGroup section */
		8934ACD91C546F72003DD96E /* Main.storyboard */ = {
			isa = PBXVariantGroup;
			children = (
				8934ACDA1C546F72003DD96E /* Base */,
			);
			name = Main.storyboard;
			sourceTree = "<group>";
		};
		8934ACDE1C546F72003DD96E /* LaunchScreen.storyboard */ = {
			isa = PBXVariantGroup;
			children = (
				8934ACDF1C546F72003DD96E /* Base */,
			);
			name = LaunchScreen.storyboard;
			sourceTree = "<group>";
		};
		8934AD071C546F8D003DD96E /* Interface.storyboard */ = {
			isa = PBXVariantGroup;
			children = (
				8934AD081C546F8D003DD96E /* Base */,
			);
			name = Interface.storyboard;
			sourceTree = "<group>";
		};
/* End PBXVariantGroup section */

/* Begin XCBuildConfiguration section */
		8934ACF81C546F72003DD96E /* Debug */ = {
			isa = XCBuildConfiguration;
			buildSettings = {
				ALWAYS_SEARCH_USER_PATHS = NO;
				CLANG_CXX_LANGUAGE_STANDARD = "gnu++0x";
				CLANG_CXX_LIBRARY = "libc++";
				CLANG_ENABLE_MODULES = YES;
				CLANG_ENABLE_OBJC_ARC = YES;
				CLANG_WARN_BOOL_CONVERSION = YES;
				CLANG_WARN_CONSTANT_CONVERSION = YES;
				CLANG_WARN_DIRECT_OBJC_ISA_USAGE = YES_ERROR;
				CLANG_WARN_EMPTY_BODY = YES;
				CLANG_WARN_ENUM_CONVERSION = YES;
				CLANG_WARN_INT_CONVERSION = YES;
				CLANG_WARN_OBJC_ROOT_CLASS = YES_ERROR;
				CLANG_WARN_UNREACHABLE_CODE = YES;
				CLANG_WARN__DUPLICATE_METHOD_MATCH = YES;
				"CODE_SIGN_IDENTITY[sdk=iphoneos*]" = "iPhone Developer";
				COPY_PHASE_STRIP = NO;
				DEBUG_INFORMATION_FORMAT = dwarf;
				ENABLE_STRICT_OBJC_MSGSEND = YES;
				ENABLE_TESTABILITY = YES;
				GCC_C_LANGUAGE_STANDARD = gnu99;
				GCC_DYNAMIC_NO_PIC = NO;
				GCC_NO_COMMON_BLOCKS = YES;
				GCC_OPTIMIZATION_LEVEL = 0;
				GCC_PREPROCESSOR_DEFINITIONS = (
					"DEBUG=1",
					"$(inherited)",
				);
				GCC_WARN_64_TO_32_BIT_CONVERSION = YES;
				GCC_WARN_ABOUT_RETURN_TYPE = YES_ERROR;
				GCC_WARN_UNDECLARED_SELECTOR = YES;
				GCC_WARN_UNINITIALIZED_AUTOS = YES_AGGRESSIVE;
				GCC_WARN_UNUSED_FUNCTION = YES;
				GCC_WARN_UNUSED_VARIABLE = YES;
				IPHONEOS_DEPLOYMENT_TARGET = 9.2;
				MTL_ENABLE_DEBUG_INFO = YES;
				ONLY_ACTIVE_ARCH = YES;
				SDKROOT = iphoneos;
			};
			name = Debug;
		};
		8934ACF91C546F72003DD96E /* Release */ = {
			isa = XCBuildConfiguration;
			buildSettings = {
				ALWAYS_SEARCH_USER_PATHS = NO;
				CLANG_CXX_LANGUAGE_STANDARD = "gnu++0x";
				CLANG_CXX_LIBRARY = "libc++";
				CLANG_ENABLE_MODULES = YES;
				CLANG_ENABLE_OBJC_ARC = YES;
				CLANG_WARN_BOOL_CONVERSION = YES;
				CLANG_WARN_CONSTANT_CONVERSION = YES;
				CLANG_WARN_DIRECT_OBJC_ISA_USAGE = YES_ERROR;
				CLANG_WARN_EMPTY_BODY = YES;
				CLANG_WARN_ENUM_CONVERSION = YES;
				CLANG_WARN_INT_CONVERSION = YES;
				CLANG_WARN_OBJC_ROOT_CLASS = YES_ERROR;
				CLANG_WARN_UNREACHABLE_CODE = YES;
				CLANG_WARN__DUPLICATE_METHOD_MATCH = YES;
				"CODE_SIGN_IDENTITY[sdk=iphoneos*]" = "iPhone Developer";
				COPY_PHASE_STRIP = NO;
				DEBUG_INFORMATION_FORMAT = "dwarf-with-dsym";
				ENABLE_NS_ASSERTIONS = NO;
				ENABLE_STRICT_OBJC_MSGSEND = YES;
				GCC_C_LANGUAGE_STANDARD = gnu99;
				GCC_NO_COMMON_BLOCKS = YES;
				GCC_WARN_64_TO_32_BIT_CONVERSION = YES;
				GCC_WARN_ABOUT_RETURN_TYPE = YES_ERROR;
				GCC_WARN_UNDECLARED_SELECTOR = YES;
				GCC_WARN_UNINITIALIZED_AUTOS = YES_AGGRESSIVE;
				GCC_WARN_UNUSED_FUNCTION = YES;
				GCC_WARN_UNUSED_VARIABLE = YES;
				IPHONEOS_DEPLOYMENT_TARGET = 9.2;
				MTL_ENABLE_DEBUG_INFO = NO;
				SDKROOT = iphoneos;
				VALIDATE_PRODUCT = YES;
			};
			name = Release;
		};
		8934ACFB1C546F72003DD96E /* Debug */ = {
			isa = XCBuildConfiguration;
			baseConfigurationReference = 2371BFD77CE6184543206028 /* Pods-Coffeed.debug.xcconfig */;
			buildSettings = {
				ASSETCATALOG_COMPILER_APPICON_NAME = AppIcon;
				FRAMEWORK_SEARCH_PATHS = (
					"$(inherited)",
					"$(PROJECT_DIR)/Frameworks",
				);
				INFOPLIST_FILE = Coffeed/Info.plist;
				LD_RUNPATH_SEARCH_PATHS = "$(inherited) @executable_path/Frameworks";
				PRODUCT_BUNDLE_IDENTIFIER = com.aleckretch.Coffeed;
				PRODUCT_NAME = "$(TARGET_NAME)";
			};
			name = Debug;
		};
		8934ACFC1C546F72003DD96E /* Release */ = {
			isa = XCBuildConfiguration;
			baseConfigurationReference = 12C6264F266F18EA7DD2C651 /* Pods-Coffeed.release.xcconfig */;
			buildSettings = {
				ASSETCATALOG_COMPILER_APPICON_NAME = AppIcon;
				FRAMEWORK_SEARCH_PATHS = (
					"$(inherited)",
					"$(PROJECT_DIR)/Frameworks",
				);
				INFOPLIST_FILE = Coffeed/Info.plist;
				LD_RUNPATH_SEARCH_PATHS = "$(inherited) @executable_path/Frameworks";
				PRODUCT_BUNDLE_IDENTIFIER = com.aleckretch.Coffeed;
				PRODUCT_NAME = "$(TARGET_NAME)";
			};
			name = Release;
		};
		8934ACFE1C546F72003DD96E /* Debug */ = {
			isa = XCBuildConfiguration;
			buildSettings = {
				BUNDLE_LOADER = "$(TEST_HOST)";
				INFOPLIST_FILE = CoffeedTests/Info.plist;
				LD_RUNPATH_SEARCH_PATHS = "$(inherited) @executable_path/Frameworks @loader_path/Frameworks";
				PRODUCT_BUNDLE_IDENTIFIER = com.aleckretch.CoffeedTests;
				PRODUCT_NAME = "$(TARGET_NAME)";
				TEST_HOST = "$(BUILT_PRODUCTS_DIR)/Coffeed.app/Coffeed";
			};
			name = Debug;
		};
		8934ACFF1C546F72003DD96E /* Release */ = {
			isa = XCBuildConfiguration;
			buildSettings = {
				BUNDLE_LOADER = "$(TEST_HOST)";
				INFOPLIST_FILE = CoffeedTests/Info.plist;
				LD_RUNPATH_SEARCH_PATHS = "$(inherited) @executable_path/Frameworks @loader_path/Frameworks";
				PRODUCT_BUNDLE_IDENTIFIER = com.aleckretch.CoffeedTests;
				PRODUCT_NAME = "$(TARGET_NAME)";
				TEST_HOST = "$(BUILT_PRODUCTS_DIR)/Coffeed.app/Coffeed";
			};
			name = Release;
		};
		8934AD011C546F72003DD96E /* Debug */ = {
			isa = XCBuildConfiguration;
			buildSettings = {
				INFOPLIST_FILE = CoffeedUITests/Info.plist;
				LD_RUNPATH_SEARCH_PATHS = "$(inherited) @executable_path/Frameworks @loader_path/Frameworks";
				PRODUCT_BUNDLE_IDENTIFIER = com.aleckretch.CoffeedUITests;
				PRODUCT_NAME = "$(TARGET_NAME)";
				TEST_TARGET_NAME = Coffeed;
				USES_XCTRUNNER = YES;
			};
			name = Debug;
		};
		8934AD021C546F72003DD96E /* Release */ = {
			isa = XCBuildConfiguration;
			buildSettings = {
				INFOPLIST_FILE = CoffeedUITests/Info.plist;
				LD_RUNPATH_SEARCH_PATHS = "$(inherited) @executable_path/Frameworks @loader_path/Frameworks";
				PRODUCT_BUNDLE_IDENTIFIER = com.aleckretch.CoffeedUITests;
				PRODUCT_NAME = "$(TARGET_NAME)";
				TEST_TARGET_NAME = Coffeed;
				USES_XCTRUNNER = YES;
			};
			name = Release;
		};
		8934AD281C546F8E003DD96E /* Debug */ = {
			isa = XCBuildConfiguration;
			buildSettings = {
				FRAMEWORK_SEARCH_PATHS = (
					"$(inherited)",
					"$(PROJECT_DIR)/Frameworks",
				);
				INFOPLIST_FILE = "Watch Extension/Info.plist";
				LD_RUNPATH_SEARCH_PATHS = "$(inherited) @executable_path/Frameworks @executable_path/../../Frameworks";
				PRODUCT_BUNDLE_IDENTIFIER = com.aleckretch.Coffeed.watchkitapp.watchkitextension;
				PRODUCT_NAME = "${TARGET_NAME}";
				SDKROOT = watchos;
				SKIP_INSTALL = YES;
				TARGETED_DEVICE_FAMILY = 4;
				WATCHOS_DEPLOYMENT_TARGET = 2.1;
			};
			name = Debug;
		};
		8934AD291C546F8E003DD96E /* Release */ = {
			isa = XCBuildConfiguration;
			buildSettings = {
				FRAMEWORK_SEARCH_PATHS = (
					"$(inherited)",
					"$(PROJECT_DIR)/Frameworks",
				);
				INFOPLIST_FILE = "Watch Extension/Info.plist";
				LD_RUNPATH_SEARCH_PATHS = "$(inherited) @executable_path/Frameworks @executable_path/../../Frameworks";
				PRODUCT_BUNDLE_IDENTIFIER = com.aleckretch.Coffeed.watchkitapp.watchkitextension;
				PRODUCT_NAME = "${TARGET_NAME}";
				SDKROOT = watchos;
				SKIP_INSTALL = YES;
				TARGETED_DEVICE_FAMILY = 4;
				WATCHOS_DEPLOYMENT_TARGET = 2.1;
			};
			name = Release;
		};
		8934AD2C1C546F8E003DD96E /* Debug */ = {
			isa = XCBuildConfiguration;
			buildSettings = {
				ASSETCATALOG_COMPILER_APPICON_NAME = AppIcon;
				IBSC_MODULE = Watch_Extension;
				INFOPLIST_FILE = Watch/Info.plist;
				PRODUCT_BUNDLE_IDENTIFIER = com.aleckretch.Coffeed.watchkitapp;
				PRODUCT_NAME = "$(TARGET_NAME)";
				SDKROOT = watchos;
				SKIP_INSTALL = YES;
				TARGETED_DEVICE_FAMILY = 4;
				WATCHOS_DEPLOYMENT_TARGET = 2.1;
			};
			name = Debug;
		};
		8934AD2D1C546F8E003DD96E /* Release */ = {
			isa = XCBuildConfiguration;
			buildSettings = {
				ASSETCATALOG_COMPILER_APPICON_NAME = AppIcon;
				IBSC_MODULE = Watch_Extension;
				INFOPLIST_FILE = Watch/Info.plist;
				PRODUCT_BUNDLE_IDENTIFIER = com.aleckretch.Coffeed.watchkitapp;
				PRODUCT_NAME = "$(TARGET_NAME)";
				SDKROOT = watchos;
				SKIP_INSTALL = YES;
				TARGETED_DEVICE_FAMILY = 4;
				WATCHOS_DEPLOYMENT_TARGET = 2.1;
			};
			name = Release;
		};
/* End XCBuildConfiguration section */

/* Begin XCConfigurationList section */
		8934ACC51C546F72003DD96E /* Build configuration list for PBXProject "Coffeed" */ = {
			isa = XCConfigurationList;
			buildConfigurations = (
				8934ACF81C546F72003DD96E /* Debug */,
				8934ACF91C546F72003DD96E /* Release */,
			);
			defaultConfigurationIsVisible = 0;
			defaultConfigurationName = Release;
		};
		8934ACFA1C546F72003DD96E /* Build configuration list for PBXNativeTarget "Coffeed" */ = {
			isa = XCConfigurationList;
			buildConfigurations = (
				8934ACFB1C546F72003DD96E /* Debug */,
				8934ACFC1C546F72003DD96E /* Release */,
			);
			defaultConfigurationIsVisible = 0;
			defaultConfigurationName = Release;
		};
		8934ACFD1C546F72003DD96E /* Build configuration list for PBXNativeTarget "CoffeedTests" */ = {
			isa = XCConfigurationList;
			buildConfigurations = (
				8934ACFE1C546F72003DD96E /* Debug */,
				8934ACFF1C546F72003DD96E /* Release */,
			);
			defaultConfigurationIsVisible = 0;
			defaultConfigurationName = Release;
		};
		8934AD001C546F72003DD96E /* Build configuration list for PBXNativeTarget "CoffeedUITests" */ = {
			isa = XCConfigurationList;
			buildConfigurations = (
				8934AD011C546F72003DD96E /* Debug */,
				8934AD021C546F72003DD96E /* Release */,
			);
			defaultConfigurationIsVisible = 0;
			defaultConfigurationName = Release;
		};
		8934AD271C546F8E003DD96E /* Build configuration list for PBXNativeTarget "Watch Extension" */ = {
			isa = XCConfigurationList;
			buildConfigurations = (
				8934AD281C546F8E003DD96E /* Debug */,
				8934AD291C546F8E003DD96E /* Release */,
			);
			defaultConfigurationIsVisible = 0;
			defaultConfigurationName = Release;
		};
		8934AD2B1C546F8E003DD96E /* Build configuration list for PBXNativeTarget "Watch" */ = {
			isa = XCConfigurationList;
			buildConfigurations = (
				8934AD2C1C546F8E003DD96E /* Debug */,
				8934AD2D1C546F8E003DD96E /* Release */,
			);
			defaultConfigurationIsVisible = 0;
			defaultConfigurationName = Release;
		};
/* End XCConfigurationList section */
	};
	rootObject = 8934ACC21C546F72003DD96E /* Project object */;
}
