// !$*UTF8*$!
{
	archiveVersion = 1;
	classes = {
	};
	objectVersion = 46;
	objects = {

/* Begin PBXBuildFile section */
		8934AD571C5492BC003DD96E /* main.m in Sources */ = {isa = PBXBuildFile; fileRef = 8934AD561C5492BC003DD96E /* main.m */; };
		8934AD5A1C5492BC003DD96E /* AppDelegate.m in Sources */ = {isa = PBXBuildFile; fileRef = 8934AD591C5492BC003DD96E /* AppDelegate.m */; };
		8934AD5D1C5492BC003DD96E /* MasterViewController.m in Sources */ = {isa = PBXBuildFile; fileRef = 8934AD5C1C5492BC003DD96E /* MasterViewController.m */; };
		8934AD601C5492BC003DD96E /* DetailViewController.m in Sources */ = {isa = PBXBuildFile; fileRef = 8934AD5F1C5492BC003DD96E /* DetailViewController.m */; };
		8934AD631C5492BC003DD96E /* Main.storyboard in Resources */ = {isa = PBXBuildFile; fileRef = 8934AD611C5492BC003DD96E /* Main.storyboard */; };
		8934AD651C5492BC003DD96E /* Assets.xcassets in Resources */ = {isa = PBXBuildFile; fileRef = 8934AD641C5492BC003DD96E /* Assets.xcassets */; };
		8934AD681C5492BC003DD96E /* LaunchScreen.storyboard in Resources */ = {isa = PBXBuildFile; fileRef = 8934AD661C5492BC003DD96E /* LaunchScreen.storyboard */; };
		8934AD731C5492BC003DD96E /* CoffeedDataTests.m in Sources */ = {isa = PBXBuildFile; fileRef = 8934AD721C5492BC003DD96E /* CoffeedDataTests.m */; };
		8934AD7E1C5492BC003DD96E /* CoffeedDataUITests.m in Sources */ = {isa = PBXBuildFile; fileRef = 8934AD7D1C5492BC003DD96E /* CoffeedDataUITests.m */; };
		8934AD8E1C549BF1003DD96E /* Bolts.framework in Frameworks */ = {isa = PBXBuildFile; fileRef = 8934AD8C1C549BF1003DD96E /* Bolts.framework */; };
		8934AD8F1C549BF2003DD96E /* Parse.framework in Frameworks */ = {isa = PBXBuildFile; fileRef = 8934AD8D1C549BF1003DD96E /* Parse.framework */; };
		8934AD911C549D59003DD96E /* Accounts.framework in Frameworks */ = {isa = PBXBuildFile; fileRef = 8934AD901C549D59003DD96E /* Accounts.framework */; };
		8934AD931C549D5E003DD96E /* AudioToolbox.framework in Frameworks */ = {isa = PBXBuildFile; fileRef = 8934AD921C549D5E003DD96E /* AudioToolbox.framework */; };
		8934AD951C549D62003DD96E /* CFNetwork.framework in Frameworks */ = {isa = PBXBuildFile; fileRef = 8934AD941C549D62003DD96E /* CFNetwork.framework */; };
		8934AD971C549D66003DD96E /* CoreGraphics.framework in Frameworks */ = {isa = PBXBuildFile; fileRef = 8934AD961C549D66003DD96E /* CoreGraphics.framework */; };
		8934AD991C549D6B003DD96E /* CoreLocation.framework in Frameworks */ = {isa = PBXBuildFile; fileRef = 8934AD981C549D6B003DD96E /* CoreLocation.framework */; };
		8934AD9B1C549D71003DD96E /* QuartzCore.framework in Frameworks */ = {isa = PBXBuildFile; fileRef = 8934AD9A1C549D71003DD96E /* QuartzCore.framework */; };
		8934AD9D1C549D78003DD96E /* Security.framework in Frameworks */ = {isa = PBXBuildFile; fileRef = 8934AD9C1C549D78003DD96E /* Security.framework */; };
		8934AD9F1C549D7E003DD96E /* Social.framework in Frameworks */ = {isa = PBXBuildFile; fileRef = 8934AD9E1C549D7E003DD96E /* Social.framework */; };
		8934ADA11C549D90003DD96E /* StoreKit.framework in Frameworks */ = {isa = PBXBuildFile; fileRef = 8934ADA01C549D90003DD96E /* StoreKit.framework */; };
		8934ADA31C549D98003DD96E /* SystemConfiguration.framework in Frameworks */ = {isa = PBXBuildFile; fileRef = 8934ADA21C549D98003DD96E /* SystemConfiguration.framework */; };
		8934ADA51C549D9D003DD96E /* libz.tbd in Frameworks */ = {isa = PBXBuildFile; fileRef = 8934ADA41C549D9D003DD96E /* libz.tbd */; };
		8934ADA71C549DA4003DD96E /* libsqlite3.tbd in Frameworks */ = {isa = PBXBuildFile; fileRef = 8934ADA61C549DA4003DD96E /* libsqlite3.tbd */; };
/* End PBXBuildFile section */

/* Begin PBXContainerItemProxy section */
		8934AD6F1C5492BC003DD96E /* PBXContainerItemProxy */ = {
			isa = PBXContainerItemProxy;
			containerPortal = 8934AD4A1C5492BC003DD96E /* Project object */;
			proxyType = 1;
			remoteGlobalIDString = 8934AD511C5492BC003DD96E;
			remoteInfo = CoffeedData;
		};
		8934AD7A1C5492BC003DD96E /* PBXContainerItemProxy */ = {
			isa = PBXContainerItemProxy;
			containerPortal = 8934AD4A1C5492BC003DD96E /* Project object */;
			proxyType = 1;
			remoteGlobalIDString = 8934AD511C5492BC003DD96E;
			remoteInfo = CoffeedData;
		};
/* End PBXContainerItemProxy section */

/* Begin PBXFileReference section */
		8934AD521C5492BC003DD96E /* CoffeedData.app */ = {isa = PBXFileReference; explicitFileType = wrapper.application; includeInIndex = 0; path = CoffeedData.app; sourceTree = BUILT_PRODUCTS_DIR; };
		8934AD561C5492BC003DD96E /* main.m */ = {isa = PBXFileReference; lastKnownFileType = sourcecode.c.objc; path = main.m; sourceTree = "<group>"; };
		8934AD581C5492BC003DD96E /* AppDelegate.h */ = {isa = PBXFileReference; lastKnownFileType = sourcecode.c.h; path = AppDelegate.h; sourceTree = "<group>"; };
		8934AD591C5492BC003DD96E /* AppDelegate.m */ = {isa = PBXFileReference; lastKnownFileType = sourcecode.c.objc; path = AppDelegate.m; sourceTree = "<group>"; };
		8934AD5B1C5492BC003DD96E /* MasterViewController.h */ = {isa = PBXFileReference; lastKnownFileType = sourcecode.c.h; path = MasterViewController.h; sourceTree = "<group>"; };
		8934AD5C1C5492BC003DD96E /* MasterViewController.m */ = {isa = PBXFileReference; lastKnownFileType = sourcecode.c.objc; path = MasterViewController.m; sourceTree = "<group>"; };
		8934AD5E1C5492BC003DD96E /* DetailViewController.h */ = {isa = PBXFileReference; lastKnownFileType = sourcecode.c.h; path = DetailViewController.h; sourceTree = "<group>"; };
		8934AD5F1C5492BC003DD96E /* DetailViewController.m */ = {isa = PBXFileReference; lastKnownFileType = sourcecode.c.objc; path = DetailViewController.m; sourceTree = "<group>"; };
		8934AD621C5492BC003DD96E /* Base */ = {isa = PBXFileReference; lastKnownFileType = file.storyboard; name = Base; path = Base.lproj/Main.storyboard; sourceTree = "<group>"; };
		8934AD641C5492BC003DD96E /* Assets.xcassets */ = {isa = PBXFileReference; lastKnownFileType = folder.assetcatalog; path = Assets.xcassets; sourceTree = "<group>"; };
		8934AD671C5492BC003DD96E /* Base */ = {isa = PBXFileReference; lastKnownFileType = file.storyboard; name = Base; path = Base.lproj/LaunchScreen.storyboard; sourceTree = "<group>"; };
		8934AD691C5492BC003DD96E /* Info.plist */ = {isa = PBXFileReference; lastKnownFileType = text.plist.xml; path = Info.plist; sourceTree = "<group>"; };
		8934AD6E1C5492BC003DD96E /* CoffeedDataTests.xctest */ = {isa = PBXFileReference; explicitFileType = wrapper.cfbundle; includeInIndex = 0; path = CoffeedDataTests.xctest; sourceTree = BUILT_PRODUCTS_DIR; };
		8934AD721C5492BC003DD96E /* CoffeedDataTests.m */ = {isa = PBXFileReference; lastKnownFileType = sourcecode.c.objc; path = CoffeedDataTests.m; sourceTree = "<group>"; };
		8934AD741C5492BC003DD96E /* Info.plist */ = {isa = PBXFileReference; lastKnownFileType = text.plist.xml; path = Info.plist; sourceTree = "<group>"; };
		8934AD791C5492BC003DD96E /* CoffeedDataUITests.xctest */ = {isa = PBXFileReference; explicitFileType = wrapper.cfbundle; includeInIndex = 0; path = CoffeedDataUITests.xctest; sourceTree = BUILT_PRODUCTS_DIR; };
		8934AD7D1C5492BC003DD96E /* CoffeedDataUITests.m */ = {isa = PBXFileReference; lastKnownFileType = sourcecode.c.objc; path = CoffeedDataUITests.m; sourceTree = "<group>"; };
		8934AD7F1C5492BC003DD96E /* Info.plist */ = {isa = PBXFileReference; lastKnownFileType = text.plist.xml; path = Info.plist; sourceTree = "<group>"; };
		8934AD8C1C549BF1003DD96E /* Bolts.framework */ = {isa = PBXFileReference; lastKnownFileType = wrapper.framework; path = Bolts.framework; sourceTree = "<group>"; };
		8934AD8D1C549BF1003DD96E /* Parse.framework */ = {isa = PBXFileReference; lastKnownFileType = wrapper.framework; path = Parse.framework; sourceTree = "<group>"; };
		8934AD901C549D59003DD96E /* Accounts.framework */ = {isa = PBXFileReference; lastKnownFileType = wrapper.framework; name = Accounts.framework; path = System/Library/Frameworks/Accounts.framework; sourceTree = SDKROOT; };
		8934AD921C549D5E003DD96E /* AudioToolbox.framework */ = {isa = PBXFileReference; lastKnownFileType = wrapper.framework; name = AudioToolbox.framework; path = System/Library/Frameworks/AudioToolbox.framework; sourceTree = SDKROOT; };
		8934AD941C549D62003DD96E /* CFNetwork.framework */ = {isa = PBXFileReference; lastKnownFileType = wrapper.framework; name = CFNetwork.framework; path = System/Library/Frameworks/CFNetwork.framework; sourceTree = SDKROOT; };
		8934AD961C549D66003DD96E /* CoreGraphics.framework */ = {isa = PBXFileReference; lastKnownFileType = wrapper.framework; name = CoreGraphics.framework; path = System/Library/Frameworks/CoreGraphics.framework; sourceTree = SDKROOT; };
		8934AD981C549D6B003DD96E /* CoreLocation.framework */ = {isa = PBXFileReference; lastKnownFileType = wrapper.framework; name = CoreLocation.framework; path = System/Library/Frameworks/CoreLocation.framework; sourceTree = SDKROOT; };
		8934AD9A1C549D71003DD96E /* QuartzCore.framework */ = {isa = PBXFileReference; lastKnownFileType = wrapper.framework; name = QuartzCore.framework; path = System/Library/Frameworks/QuartzCore.framework; sourceTree = SDKROOT; };
		8934AD9C1C549D78003DD96E /* Security.framework */ = {isa = PBXFileReference; lastKnownFileType = wrapper.framework; name = Security.framework; path = System/Library/Frameworks/Security.framework; sourceTree = SDKROOT; };
		8934AD9E1C549D7E003DD96E /* Social.framework */ = {isa = PBXFileReference; lastKnownFileType = wrapper.framework; name = Social.framework; path = System/Library/Frameworks/Social.framework; sourceTree = SDKROOT; };
		8934ADA01C549D90003DD96E /* StoreKit.framework */ = {isa = PBXFileReference; lastKnownFileType = wrapper.framework; name = StoreKit.framework; path = System/Library/Frameworks/StoreKit.framework; sourceTree = SDKROOT; };
		8934ADA21C549D98003DD96E /* SystemConfiguration.framework */ = {isa = PBXFileReference; lastKnownFileType = wrapper.framework; name = SystemConfiguration.framework; path = System/Library/Frameworks/SystemConfiguration.framework; sourceTree = SDKROOT; };
		8934ADA41C549D9D003DD96E /* libz.tbd */ = {isa = PBXFileReference; lastKnownFileType = "sourcecode.text-based-dylib-definition"; name = libz.tbd; path = usr/lib/libz.tbd; sourceTree = SDKROOT; };
		8934ADA61C549DA4003DD96E /* libsqlite3.tbd */ = {isa = PBXFileReference; lastKnownFileType = "sourcecode.text-based-dylib-definition"; name = libsqlite3.tbd; path = usr/lib/libsqlite3.tbd; sourceTree = SDKROOT; };
/* End PBXFileReference section */

/* Begin PBXFrameworksBuildPhase section */
		8934AD4F1C5492BC003DD96E /* Frameworks */ = {
			isa = PBXFrameworksBuildPhase;
			buildActionMask = 2147483647;
			files = (
				8934ADA71C549DA4003DD96E /* libsqlite3.tbd in Frameworks */,
				8934ADA51C549D9D003DD96E /* libz.tbd in Frameworks */,
				8934ADA31C549D98003DD96E /* SystemConfiguration.framework in Frameworks */,
				8934ADA11C549D90003DD96E /* StoreKit.framework in Frameworks */,
				8934AD9F1C549D7E003DD96E /* Social.framework in Frameworks */,
				8934AD9D1C549D78003DD96E /* Security.framework in Frameworks */,
				8934AD9B1C549D71003DD96E /* QuartzCore.framework in Frameworks */,
				8934AD991C549D6B003DD96E /* CoreLocation.framework in Frameworks */,
				8934AD971C549D66003DD96E /* CoreGraphics.framework in Frameworks */,
				8934AD951C549D62003DD96E /* CFNetwork.framework in Frameworks */,
				8934AD931C549D5E003DD96E /* AudioToolbox.framework in Frameworks */,
				8934AD911C549D59003DD96E /* Accounts.framework in Frameworks */,
				8934AD8F1C549BF2003DD96E /* Parse.framework in Frameworks */,
				8934AD8E1C549BF1003DD96E /* Bolts.framework in Frameworks */,
			);
			runOnlyForDeploymentPostprocessing = 0;
		};
		8934AD6B1C5492BC003DD96E /* Frameworks */ = {
			isa = PBXFrameworksBuildPhase;
			buildActionMask = 2147483647;
			files = (
			);
			runOnlyForDeploymentPostprocessing = 0;
		};
		8934AD761C5492BC003DD96E /* Frameworks */ = {
			isa = PBXFrameworksBuildPhase;
			buildActionMask = 2147483647;
			files = (
			);
			runOnlyForDeploymentPostprocessing = 0;
		};
/* End PBXFrameworksBuildPhase section */

/* Begin PBXGroup section */
		8934AD491C5492BC003DD96E = {
			isa = PBXGroup;
			children = (
				8934ADA61C549DA4003DD96E /* libsqlite3.tbd */,
				8934ADA41C549D9D003DD96E /* libz.tbd */,
				8934ADA21C549D98003DD96E /* SystemConfiguration.framework */,
				8934ADA01C549D90003DD96E /* StoreKit.framework */,
				8934AD9E1C549D7E003DD96E /* Social.framework */,
				8934AD9C1C549D78003DD96E /* Security.framework */,
				8934AD9A1C549D71003DD96E /* QuartzCore.framework */,
				8934AD981C549D6B003DD96E /* CoreLocation.framework */,
				8934AD961C549D66003DD96E /* CoreGraphics.framework */,
				8934AD941C549D62003DD96E /* CFNetwork.framework */,
				8934AD921C549D5E003DD96E /* AudioToolbox.framework */,
				8934AD901C549D59003DD96E /* Accounts.framework */,
				8934AD541C5492BC003DD96E /* CoffeedData */,
				8934AD711C5492BC003DD96E /* CoffeedDataTests */,
				8934AD7C1C5492BC003DD96E /* CoffeedDataUITests */,
				8934AD531C5492BC003DD96E /* Products */,
			);
			sourceTree = "<group>";
		};
		8934AD531C5492BC003DD96E /* Products */ = {
			isa = PBXGroup;
			children = (
				8934AD521C5492BC003DD96E /* CoffeedData.app */,
				8934AD6E1C5492BC003DD96E /* CoffeedDataTests.xctest */,
				8934AD791C5492BC003DD96E /* CoffeedDataUITests.xctest */,
			);
			name = Products;
			sourceTree = "<group>";
		};
		8934AD541C5492BC003DD96E /* CoffeedData */ = {
			isa = PBXGroup;
			children = (
				8934AD581C5492BC003DD96E /* AppDelegate.h */,
				8934AD591C5492BC003DD96E /* AppDelegate.m */,
				8934AD5B1C5492BC003DD96E /* MasterViewController.h */,
				8934AD5C1C5492BC003DD96E /* MasterViewController.m */,
				8934AD5E1C5492BC003DD96E /* DetailViewController.h */,
				8934AD5F1C5492BC003DD96E /* DetailViewController.m */,
				8934AD611C5492BC003DD96E /* Main.storyboard */,
				8934AD641C5492BC003DD96E /* Assets.xcassets */,
				8934AD661C5492BC003DD96E /* LaunchScreen.storyboard */,
				8934AD691C5492BC003DD96E /* Info.plist */,
				8934AD8B1C549BE5003DD96E /* Frameworks */,
				8934AD551C5492BC003DD96E /* Supporting Files */,
			);
			path = CoffeedData;
			sourceTree = "<group>";
		};
		8934AD551C5492BC003DD96E /* Supporting Files */ = {
			isa = PBXGroup;
			children = (
				8934AD561C5492BC003DD96E /* main.m */,
			);
			name = "Supporting Files";
			sourceTree = "<group>";
		};
		8934AD711C5492BC003DD96E /* CoffeedDataTests */ = {
			isa = PBXGroup;
			children = (
				8934AD721C5492BC003DD96E /* CoffeedDataTests.m */,
				8934AD741C5492BC003DD96E /* Info.plist */,
			);
			path = CoffeedDataTests;
			sourceTree = "<group>";
		};
		8934AD7C1C5492BC003DD96E /* CoffeedDataUITests */ = {
			isa = PBXGroup;
			children = (
				8934AD7D1C5492BC003DD96E /* CoffeedDataUITests.m */,
				8934AD7F1C5492BC003DD96E /* Info.plist */,
			);
			path = CoffeedDataUITests;
			sourceTree = "<group>";
		};
		8934AD8B1C549BE5003DD96E /* Frameworks */ = {
			isa = PBXGroup;
			children = (
				8934AD8C1C549BF1003DD96E /* Bolts.framework */,
				8934AD8D1C549BF1003DD96E /* Parse.framework */,
			);
			path = Frameworks;
			sourceTree = "<group>";
		};
/* End PBXGroup section */

/* Begin PBXNativeTarget section */
		8934AD511C5492BC003DD96E /* CoffeedData */ = {
			isa = PBXNativeTarget;
			buildConfigurationList = 8934AD821C5492BC003DD96E /* Build configuration list for PBXNativeTarget "CoffeedData" */;
			buildPhases = (
				8934AD4E1C5492BC003DD96E /* Sources */,
				8934AD4F1C5492BC003DD96E /* Frameworks */,
				8934AD501C5492BC003DD96E /* Resources */,
			);
			buildRules = (
			);
			dependencies = (
			);
			name = CoffeedData;
			productName = CoffeedData;
			productReference = 8934AD521C5492BC003DD96E /* CoffeedData.app */;
			productType = "com.apple.product-type.application";
		};
		8934AD6D1C5492BC003DD96E /* CoffeedDataTests */ = {
			isa = PBXNativeTarget;
			buildConfigurationList = 8934AD851C5492BC003DD96E /* Build configuration list for PBXNativeTarget "CoffeedDataTests" */;
			buildPhases = (
				8934AD6A1C5492BC003DD96E /* Sources */,
				8934AD6B1C5492BC003DD96E /* Frameworks */,
				8934AD6C1C5492BC003DD96E /* Resources */,
			);
			buildRules = (
			);
			dependencies = (
				8934AD701C5492BC003DD96E /* PBXTargetDependency */,
			);
			name = CoffeedDataTests;
			productName = CoffeedDataTests;
			productReference = 8934AD6E1C5492BC003DD96E /* CoffeedDataTests.xctest */;
			productType = "com.apple.product-type.bundle.unit-test";
		};
		8934AD781C5492BC003DD96E /* CoffeedDataUITests */ = {
			isa = PBXNativeTarget;
			buildConfigurationList = 8934AD881C5492BC003DD96E /* Build configuration list for PBXNativeTarget "CoffeedDataUITests" */;
			buildPhases = (
				8934AD751C5492BC003DD96E /* Sources */,
				8934AD761C5492BC003DD96E /* Frameworks */,
				8934AD771C5492BC003DD96E /* Resources */,
			);
			buildRules = (
			);
			dependencies = (
				8934AD7B1C5492BC003DD96E /* PBXTargetDependency */,
			);
			name = CoffeedDataUITests;
			productName = CoffeedDataUITests;
			productReference = 8934AD791C5492BC003DD96E /* CoffeedDataUITests.xctest */;
			productType = "com.apple.product-type.bundle.ui-testing";
		};
/* End PBXNativeTarget section */

/* Begin PBXProject section */
		8934AD4A1C5492BC003DD96E /* Project object */ = {
			isa = PBXProject;
			attributes = {
				LastUpgradeCheck = 0720;
				ORGANIZATIONNAME = "Alec Kretch";
				TargetAttributes = {
					8934AD511C5492BC003DD96E = {
						CreatedOnToolsVersion = 7.2;
					};
					8934AD6D1C5492BC003DD96E = {
						CreatedOnToolsVersion = 7.2;
						TestTargetID = 8934AD511C5492BC003DD96E;
					};
					8934AD781C5492BC003DD96E = {
						CreatedOnToolsVersion = 7.2;
						TestTargetID = 8934AD511C5492BC003DD96E;
					};
				};
			};
			buildConfigurationList = 8934AD4D1C5492BC003DD96E /* Build configuration list for PBXProject "CoffeedData" */;
			compatibilityVersion = "Xcode 3.2";
			developmentRegion = English;
			hasScannedForEncodings = 0;
			knownRegions = (
				en,
				Base,
			);
			mainGroup = 8934AD491C5492BC003DD96E;
			productRefGroup = 8934AD531C5492BC003DD96E /* Products */;
			projectDirPath = "";
			projectRoot = "";
			targets = (
				8934AD511C5492BC003DD96E /* CoffeedData */,
				8934AD6D1C5492BC003DD96E /* CoffeedDataTests */,
				8934AD781C5492BC003DD96E /* CoffeedDataUITests */,
			);
		};
/* End PBXProject section */

/* Begin PBXResourcesBuildPhase section */
		8934AD501C5492BC003DD96E /* Resources */ = {
			isa = PBXResourcesBuildPhase;
			buildActionMask = 2147483647;
			files = (
				8934AD681C5492BC003DD96E /* LaunchScreen.storyboard in Resources */,
				8934AD651C5492BC003DD96E /* Assets.xcassets in Resources */,
				8934AD631C5492BC003DD96E /* Main.storyboard in Resources */,
			);
			runOnlyForDeploymentPostprocessing = 0;
		};
		8934AD6C1C5492BC003DD96E /* Resources */ = {
			isa = PBXResourcesBuildPhase;
			buildActionMask = 2147483647;
			files = (
			);
			runOnlyForDeploymentPostprocessing = 0;
		};
		8934AD771C5492BC003DD96E /* Resources */ = {
			isa = PBXResourcesBuildPhase;
			buildActionMask = 2147483647;
			files = (
			);
			runOnlyForDeploymentPostprocessing = 0;
		};
/* End PBXResourcesBuildPhase section */

/* Begin PBXSourcesBuildPhase section */
		8934AD4E1C5492BC003DD96E /* Sources */ = {
			isa = PBXSourcesBuildPhase;
			buildActionMask = 2147483647;
			files = (
				8934AD5A1C5492BC003DD96E /* AppDelegate.m in Sources */,
				8934AD5D1C5492BC003DD96E /* MasterViewController.m in Sources */,
				8934AD571C5492BC003DD96E /* main.m in Sources */,
				8934AD601C5492BC003DD96E /* DetailViewController.m in Sources */,
			);
			runOnlyForDeploymentPostprocessing = 0;
		};
		8934AD6A1C5492BC003DD96E /* Sources */ = {
			isa = PBXSourcesBuildPhase;
			buildActionMask = 2147483647;
			files = (
				8934AD731C5492BC003DD96E /* CoffeedDataTests.m in Sources */,
			);
			runOnlyForDeploymentPostprocessing = 0;
		};
		8934AD751C5492BC003DD96E /* Sources */ = {
			isa = PBXSourcesBuildPhase;
			buildActionMask = 2147483647;
			files = (
				8934AD7E1C5492BC003DD96E /* CoffeedDataUITests.m in Sources */,
			);
			runOnlyForDeploymentPostprocessing = 0;
		};
/* End PBXSourcesBuildPhase section */

/* Begin PBXTargetDependency section */
		8934AD701C5492BC003DD96E /* PBXTargetDependency */ = {
			isa = PBXTargetDependency;
			target = 8934AD511C5492BC003DD96E /* CoffeedData */;
			targetProxy = 8934AD6F1C5492BC003DD96E /* PBXContainerItemProxy */;
		};
		8934AD7B1C5492BC003DD96E /* PBXTargetDependency */ = {
			isa = PBXTargetDependency;
			target = 8934AD511C5492BC003DD96E /* CoffeedData */;
			targetProxy = 8934AD7A1C5492BC003DD96E /* PBXContainerItemProxy */;
		};
/* End PBXTargetDependency section */

/* Begin PBXVariantGroup section */
		8934AD611C5492BC003DD96E /* Main.storyboard */ = {
			isa = PBXVariantGroup;
			children = (
				8934AD621C5492BC003DD96E /* Base */,
			);
			name = Main.storyboard;
			sourceTree = "<group>";
		};
		8934AD661C5492BC003DD96E /* LaunchScreen.storyboard */ = {
			isa = PBXVariantGroup;
			children = (
				8934AD671C5492BC003DD96E /* Base */,
			);
			name = LaunchScreen.storyboard;
			sourceTree = "<group>";
		};
/* End PBXVariantGroup section */

/* Begin XCBuildConfiguration section */
		8934AD801C5492BC003DD96E /* Debug */ = {
			isa = XCBuildConfiguration;
			buildSettings = {
				ALWAYS_SEARCH_USER_PATHS = NO;
				CLANG_CXX_LANGUAGE_STANDARD = "gnu++0x";
				CLANG_CXX_LIBRARY = "libc++";
				CLANG_ENABLE_MODULES = YES;
				CLANG_ENABLE_OBJC_ARC = YES;
				CLANG_WARN_BOOL_CONVERSION = YES;
				CLANG_WARN_CONSTANT_CONVERSION = YES;
				CLANG_WARN_DIRECT_OBJC_ISA_USAGE = YES_ERROR;
				CLANG_WARN_EMPTY_BODY = YES;
				CLANG_WARN_ENUM_CONVERSION = YES;
				CLANG_WARN_INT_CONVERSION = YES;
				CLANG_WARN_OBJC_ROOT_CLASS = YES_ERROR;
				CLANG_WARN_UNREACHABLE_CODE = YES;
				CLANG_WARN__DUPLICATE_METHOD_MATCH = YES;
				"CODE_SIGN_IDENTITY[sdk=iphoneos*]" = "iPhone Developer";
				COPY_PHASE_STRIP = NO;
				DEBUG_INFORMATION_FORMAT = dwarf;
				ENABLE_STRICT_OBJC_MSGSEND = YES;
				ENABLE_TESTABILITY = YES;
				GCC_C_LANGUAGE_STANDARD = gnu99;
				GCC_DYNAMIC_NO_PIC = NO;
				GCC_NO_COMMON_BLOCKS = YES;
				GCC_OPTIMIZATION_LEVEL = 0;
				GCC_PREPROCESSOR_DEFINITIONS = (
					"DEBUG=1",
					"$(inherited)",
				);
				GCC_WARN_64_TO_32_BIT_CONVERSION = YES;
				GCC_WARN_ABOUT_RETURN_TYPE = YES_ERROR;
				GCC_WARN_UNDECLARED_SELECTOR = YES;
				GCC_WARN_UNINITIALIZED_AUTOS = YES_AGGRESSIVE;
				GCC_WARN_UNUSED_FUNCTION = YES;
				GCC_WARN_UNUSED_VARIABLE = YES;
				IPHONEOS_DEPLOYMENT_TARGET = 9.2;
				MTL_ENABLE_DEBUG_INFO = YES;
				ONLY_ACTIVE_ARCH = YES;
				SDKROOT = iphoneos;
			};
			name = Debug;
		};
		8934AD811C5492BC003DD96E /* Release */ = {
			isa = XCBuildConfiguration;
			buildSettings = {
				ALWAYS_SEARCH_USER_PATHS = NO;
				CLANG_CXX_LANGUAGE_STANDARD = "gnu++0x";
				CLANG_CXX_LIBRARY = "libc++";
				CLANG_ENABLE_MODULES = YES;
				CLANG_ENABLE_OBJC_ARC = YES;
				CLANG_WARN_BOOL_CONVERSION = YES;
				CLANG_WARN_CONSTANT_CONVERSION = YES;
				CLANG_WARN_DIRECT_OBJC_ISA_USAGE = YES_ERROR;
				CLANG_WARN_EMPTY_BODY = YES;
				CLANG_WARN_ENUM_CONVERSION = YES;
				CLANG_WARN_INT_CONVERSION = YES;
				CLANG_WARN_OBJC_ROOT_CLASS = YES_ERROR;
				CLANG_WARN_UNREACHABLE_CODE = YES;
				CLANG_WARN__DUPLICATE_METHOD_MATCH = YES;
				"CODE_SIGN_IDENTITY[sdk=iphoneos*]" = "iPhone Developer";
				COPY_PHASE_STRIP = NO;
				DEBUG_INFORMATION_FORMAT = "dwarf-with-dsym";
				ENABLE_NS_ASSERTIONS = NO;
				ENABLE_STRICT_OBJC_MSGSEND = YES;
				GCC_C_LANGUAGE_STANDARD = gnu99;
				GCC_NO_COMMON_BLOCKS = YES;
				GCC_WARN_64_TO_32_BIT_CONVERSION = YES;
				GCC_WARN_ABOUT_RETURN_TYPE = YES_ERROR;
				GCC_WARN_UNDECLARED_SELECTOR = YES;
				GCC_WARN_UNINITIALIZED_AUTOS = YES_AGGRESSIVE;
				GCC_WARN_UNUSED_FUNCTION = YES;
				GCC_WARN_UNUSED_VARIABLE = YES;
				IPHONEOS_DEPLOYMENT_TARGET = 9.2;
				MTL_ENABLE_DEBUG_INFO = NO;
				SDKROOT = iphoneos;
				VALIDATE_PRODUCT = YES;
			};
			name = Release;
		};
		8934AD831C5492BC003DD96E /* Debug */ = {
			isa = XCBuildConfiguration;
			buildSettings = {
				ASSETCATALOG_COMPILER_APPICON_NAME = AppIcon;
				FRAMEWORK_SEARCH_PATHS = (
					"$(inherited)",
					"$(PROJECT_DIR)/CoffeedData/Frameworks",
				);
				INFOPLIST_FILE = CoffeedData/Info.plist;
				LD_RUNPATH_SEARCH_PATHS = "$(inherited) @executable_path/Frameworks";
				PRODUCT_BUNDLE_IDENTIFIER = com.aleckretch.CoffeedData;
				PRODUCT_NAME = "$(TARGET_NAME)";
			};
			name = Debug;
		};
		8934AD841C5492BC003DD96E /* Release */ = {
			isa = XCBuildConfiguration;
			buildSettings = {
				ASSETCATALOG_COMPILER_APPICON_NAME = AppIcon;
				FRAMEWORK_SEARCH_PATHS = (
					"$(inherited)",
					"$(PROJECT_DIR)/CoffeedData/Frameworks",
				);
				INFOPLIST_FILE = CoffeedData/Info.plist;
				LD_RUNPATH_SEARCH_PATHS = "$(inherited) @executable_path/Frameworks";
				PRODUCT_BUNDLE_IDENTIFIER = com.aleckretch.CoffeedData;
				PRODUCT_NAME = "$(TARGET_NAME)";
			};
			name = Release;
		};
		8934AD861C5492BC003DD96E /* Debug */ = {
			isa = XCBuildConfiguration;
			buildSettings = {
				BUNDLE_LOADER = "$(TEST_HOST)";
				INFOPLIST_FILE = CoffeedDataTests/Info.plist;
				LD_RUNPATH_SEARCH_PATHS = "$(inherited) @executable_path/Frameworks @loader_path/Frameworks";
				PRODUCT_BUNDLE_IDENTIFIER = com.aleckretch.CoffeedDataTests;
				PRODUCT_NAME = "$(TARGET_NAME)";
				TEST_HOST = "$(BUILT_PRODUCTS_DIR)/CoffeedData.app/CoffeedData";
			};
			name = Debug;
		};
		8934AD871C5492BC003DD96E /* Release */ = {
			isa = XCBuildConfiguration;
			buildSettings = {
				BUNDLE_LOADER = "$(TEST_HOST)";
				INFOPLIST_FILE = CoffeedDataTests/Info.plist;
				LD_RUNPATH_SEARCH_PATHS = "$(inherited) @executable_path/Frameworks @loader_path/Frameworks";
				PRODUCT_BUNDLE_IDENTIFIER = com.aleckretch.CoffeedDataTests;
				PRODUCT_NAME = "$(TARGET_NAME)";
				TEST_HOST = "$(BUILT_PRODUCTS_DIR)/CoffeedData.app/CoffeedData";
			};
			name = Release;
		};
		8934AD891C5492BC003DD96E /* Debug */ = {
			isa = XCBuildConfiguration;
			buildSettings = {
				INFOPLIST_FILE = CoffeedDataUITests/Info.plist;
				LD_RUNPATH_SEARCH_PATHS = "$(inherited) @executable_path/Frameworks @loader_path/Frameworks";
				PRODUCT_BUNDLE_IDENTIFIER = com.aleckretch.CoffeedDataUITests;
				PRODUCT_NAME = "$(TARGET_NAME)";
				TEST_TARGET_NAME = CoffeedData;
				USES_XCTRUNNER = YES;
			};
			name = Debug;
		};
		8934AD8A1C5492BC003DD96E /* Release */ = {
			isa = XCBuildConfiguration;
			buildSettings = {
				INFOPLIST_FILE = CoffeedDataUITests/Info.plist;
				LD_RUNPATH_SEARCH_PATHS = "$(inherited) @executable_path/Frameworks @loader_path/Frameworks";
				PRODUCT_BUNDLE_IDENTIFIER = com.aleckretch.CoffeedDataUITests;
				PRODUCT_NAME = "$(TARGET_NAME)";
				TEST_TARGET_NAME = CoffeedData;
				USES_XCTRUNNER = YES;
			};
			name = Release;
		};
/* End XCBuildConfiguration section */

/* Begin XCConfigurationList section */
		8934AD4D1C5492BC003DD96E /* Build configuration list for PBXProject "CoffeedData" */ = {
			isa = XCConfigurationList;
			buildConfigurations = (
				8934AD801C5492BC003DD96E /* Debug */,
				8934AD811C5492BC003DD96E /* Release */,
			);
			defaultConfigurationIsVisible = 0;
			defaultConfigurationName = Release;
		};
		8934AD821C5492BC003DD96E /* Build configuration list for PBXNativeTarget "CoffeedData" */ = {
			isa = XCConfigurationList;
			buildConfigurations = (
				8934AD831C5492BC003DD96E /* Debug */,
				8934AD841C5492BC003DD96E /* Release */,
			);
			defaultConfigurationIsVisible = 0;
		};
		8934AD851C5492BC003DD96E /* Build configuration list for PBXNativeTarget "CoffeedDataTests" */ = {
			isa = XCConfigurationList;
			buildConfigurations = (
				8934AD861C5492BC003DD96E /* Debug */,
				8934AD871C5492BC003DD96E /* Release */,
			);
			defaultConfigurationIsVisible = 0;
		};
		8934AD881C5492BC003DD96E /* Build configuration list for PBXNativeTarget "CoffeedDataUITests" */ = {
			isa = XCConfigurationList;
			buildConfigurations = (
				8934AD891C5492BC003DD96E /* Debug */,
				8934AD8A1C5492BC003DD96E /* Release */,
			);
			defaultConfigurationIsVisible = 0;
		};
/* End XCConfigurationList section */
	};
	rootObject = 8934AD4A1C5492BC003DD96E /* Project object */;
}
